// !$*UTF8*$!
{
	archiveVersion = 1;
	classes = {
	};
	objectVersion = 46;
	objects = {

/* Begin PBXBuildFile section */
		E138349217D3182F00CA4457 /* SBGetMembershipInput.m in Sources */ = {isa = PBXBuildFile; fileRef = E138349117D3182F00CA4457 /* SBGetMembershipInput.m */; };
		E138349517D3187000CA4457 /* SBGetMembershipOutput.m in Sources */ = {isa = PBXBuildFile; fileRef = E138349417D3187000CA4457 /* SBGetMembershipOutput.m */; };
		E138349917D332CF00CA4457 /* SBValidateMembershipInput.m in Sources */ = {isa = PBXBuildFile; fileRef = E138349817D332CF00CA4457 /* SBValidateMembershipInput.m */; };
		E138349C17D3331A00CA4457 /* SBValidateMembershipOutput.m in Sources */ = {isa = PBXBuildFile; fileRef = E138349B17D3331A00CA4457 /* SBValidateMembershipOutput.m */; };
		E138349F17D340EC00CA4457 /* SBMembershipViewController.m in Sources */ = {isa = PBXBuildFile; fileRef = E138349E17D340EC00CA4457 /* SBMembershipViewController.m */; };
		E13834A217D3424700CA4457 /* SBLoginViewController.m in Sources */ = {isa = PBXBuildFile; fileRef = E13834A117D3424700CA4457 /* SBLoginViewController.m */; };
		E13834A517D3436500CA4457 /* SBRegisterViewController.m in Sources */ = {isa = PBXBuildFile; fileRef = E13834A417D3436500CA4457 /* SBRegisterViewController.m */; };
		E13834A817D345D300CA4457 /* SBMembershipCredentials.m in Sources */ = {isa = PBXBuildFile; fileRef = E13834A717D345D300CA4457 /* SBMembershipCredentials.m */; };
		E13834AB17D34AEB00CA4457 /* UIViewController+Addon.m in Sources */ = {isa = PBXBuildFile; fileRef = E13834AA17D34AEB00CA4457 /* UIViewController+Addon.m */; };
		E13834AE17D35B7100CA4457 /* SBPersistenceCoordinator.m in Sources */ = {isa = PBXBuildFile; fileRef = E13834AD17D35B7100CA4457 /* SBPersistenceCoordinator.m */; };
		E13834B117D3613300CA4457 /* SBMember.m in Sources */ = {isa = PBXBuildFile; fileRef = E13834B017D3613300CA4457 /* SBMember.m */; };
		E13834B417D3614400CA4457 /* SBMembAddress.m in Sources */ = {isa = PBXBuildFile; fileRef = E13834B317D3614400CA4457 /* SBMembAddress.m */; };
		E13834B717D3650600CA4457 /* SBGetMemberInput.m in Sources */ = {isa = PBXBuildFile; fileRef = E13834B617D3650600CA4457 /* SBGetMemberInput.m */; };
		E13834BA17D3655A00CA4457 /* SBGetMemberOutput.m in Sources */ = {isa = PBXBuildFile; fileRef = E13834B917D3655A00CA4457 /* SBGetMemberOutput.m */; };
		E13834BD17D3675D00CA4457 /* SBMemberViewController.m in Sources */ = {isa = PBXBuildFile; fileRef = E13834BC17D3675D00CA4457 /* SBMemberViewController.m */; };
		E180C94017D210F1001C2742 /* UIKit.framework in Frameworks */ = {isa = PBXBuildFile; fileRef = E180C93F17D210F1001C2742 /* UIKit.framework */; };
		E180C94217D210F1001C2742 /* Foundation.framework in Frameworks */ = {isa = PBXBuildFile; fileRef = E180C94117D210F1001C2742 /* Foundation.framework */; };
		E180C94417D210F1001C2742 /* CoreGraphics.framework in Frameworks */ = {isa = PBXBuildFile; fileRef = E180C94317D210F1001C2742 /* CoreGraphics.framework */; };
		E180C94A17D210F1001C2742 /* InfoPlist.strings in Resources */ = {isa = PBXBuildFile; fileRef = E180C94817D210F1001C2742 /* InfoPlist.strings */; };
		E180C94C17D210F1001C2742 /* main.m in Sources */ = {isa = PBXBuildFile; fileRef = E180C94B17D210F1001C2742 /* main.m */; };
		E180C95017D210F1001C2742 /* SBAppDelegate.m in Sources */ = {isa = PBXBuildFile; fileRef = E180C94F17D210F1001C2742 /* SBAppDelegate.m */; };
		E180C95217D210F1001C2742 /* Default.png in Resources */ = {isa = PBXBuildFile; fileRef = E180C95117D210F1001C2742 /* Default.png */; };
		E180C95417D210F1001C2742 /* Default@2x.png in Resources */ = {isa = PBXBuildFile; fileRef = E180C95317D210F1001C2742 /* Default@2x.png */; };
		E180C95617D210F1001C2742 /* Default-568h@2x.png in Resources */ = {isa = PBXBuildFile; fileRef = E180C95517D210F1001C2742 /* Default-568h@2x.png */; };
		E180C95917D210F1001C2742 /* MainStoryboard.storyboard in Resources */ = {isa = PBXBuildFile; fileRef = E180C95717D210F1001C2742 /* MainStoryboard.storyboard */; };
		E180C96617D213BD001C2742 /* CFNetwork.framework in Frameworks */ = {isa = PBXBuildFile; fileRef = E180C96517D213BD001C2742 /* CFNetwork.framework */; };
		E180C96817D213CB001C2742 /* SystemConfiguration.framework in Frameworks */ = {isa = PBXBuildFile; fileRef = E180C96717D213CB001C2742 /* SystemConfiguration.framework */; };
		E180C96A17D213D4001C2742 /* MobileCoreServices.framework in Frameworks */ = {isa = PBXBuildFile; fileRef = E180C96917D213D4001C2742 /* MobileCoreServices.framework */; };
		E180C96C17D213DD001C2742 /* CoreData.framework in Frameworks */ = {isa = PBXBuildFile; fileRef = E180C96B17D213DD001C2742 /* CoreData.framework */; };
		E180C96E17D213E7001C2742 /* Security.framework in Frameworks */ = {isa = PBXBuildFile; fileRef = E180C96D17D213E7001C2742 /* Security.framework */; };
		E180C97017D213F2001C2742 /* libz.dylib in Frameworks */ = {isa = PBXBuildFile; fileRef = E180C96F17D213F2001C2742 /* libz.dylib */; };
		E180C99617D21550001C2742 /* worklight.plist in Resources */ = {isa = PBXBuildFile; fileRef = E180C99517D21550001C2742 /* worklight.plist */; };
		E180C9AB17D21B19001C2742 /* sqlcipher.framework in Frameworks */ = {isa = PBXBuildFile; fileRef = E180C9AA17D21B19001C2742 /* sqlcipher.framework */; };
		E180C9AD17D21B87001C2742 /* libWorklightStaticLibProjectNative.a in Frameworks */ = {isa = PBXBuildFile; fileRef = E180C9AC17D21B87001C2742 /* libWorklightStaticLibProjectNative.a */; };
		E180C9BB17D21F0B001C2742 /* SuperBuy.xcdatamodeld in Sources */ = {isa = PBXBuildFile; fileRef = E180C9B917D21F0B001C2742 /* SuperBuy.xcdatamodeld */; };
		E180C9BE17D2314B001C2742 /* SBModelObject.m in Sources */ = {isa = PBXBuildFile; fileRef = E180C9BD17D2314B001C2742 /* SBModelObject.m */; };
		E180C9C117D23CDE001C2742 /* SBMshTier.m in Sources */ = {isa = PBXBuildFile; fileRef = E180C9C017D23CDE001C2742 /* SBMshTier.m */; };
		E180C9C417D23D0D001C2742 /* SBMshPointAccount.m in Sources */ = {isa = PBXBuildFile; fileRef = E180C9C317D23D0D001C2742 /* SBMshPointAccount.m */; };
		E180C9C717D23D20001C2742 /* SBMembership.m in Sources */ = {isa = PBXBuildFile; fileRef = E180C9C617D23D1F001C2742 /* SBMembership.m */; };
		E180C9CA17D24860001C2742 /* SBWebAPI.m in Sources */ = {isa = PBXBuildFile; fileRef = E180C9C917D24860001C2742 /* SBWebAPI.m */; };
		E180C9CD17D249DE001C2742 /* SBMessageArray.m in Sources */ = {isa = PBXBuildFile; fileRef = E180C9CC17D249DE001C2742 /* SBMessageArray.m */; };
/* End PBXBuildFile section */

/* Begin PBXFileReference section */
		E138349017D3182F00CA4457 /* SBGetMembershipInput.h */ = {isa = PBXFileReference; fileEncoding = 4; lastKnownFileType = sourcecode.c.h; path = SBGetMembershipInput.h; sourceTree = "<group>"; };
		E138349117D3182F00CA4457 /* SBGetMembershipInput.m */ = {isa = PBXFileReference; fileEncoding = 4; lastKnownFileType = sourcecode.c.objc; path = SBGetMembershipInput.m; sourceTree = "<group>"; };
		E138349317D3187000CA4457 /* SBGetMembershipOutput.h */ = {isa = PBXFileReference; fileEncoding = 4; lastKnownFileType = sourcecode.c.h; path = SBGetMembershipOutput.h; sourceTree = "<group>"; };
		E138349417D3187000CA4457 /* SBGetMembershipOutput.m */ = {isa = PBXFileReference; fileEncoding = 4; lastKnownFileType = sourcecode.c.objc; path = SBGetMembershipOutput.m; sourceTree = "<group>"; };
		E138349717D332CF00CA4457 /* SBValidateMembershipInput.h */ = {isa = PBXFileReference; fileEncoding = 4; lastKnownFileType = sourcecode.c.h; path = SBValidateMembershipInput.h; sourceTree = "<group>"; };
		E138349817D332CF00CA4457 /* SBValidateMembershipInput.m */ = {isa = PBXFileReference; fileEncoding = 4; lastKnownFileType = sourcecode.c.objc; path = SBValidateMembershipInput.m; sourceTree = "<group>"; };
		E138349A17D3331A00CA4457 /* SBValidateMembershipOutput.h */ = {isa = PBXFileReference; fileEncoding = 4; lastKnownFileType = sourcecode.c.h; path = SBValidateMembershipOutput.h; sourceTree = "<group>"; };
		E138349B17D3331A00CA4457 /* SBValidateMembershipOutput.m */ = {isa = PBXFileReference; fileEncoding = 4; lastKnownFileType = sourcecode.c.objc; path = SBValidateMembershipOutput.m; sourceTree = "<group>"; };
		E138349D17D340EC00CA4457 /* SBMembershipViewController.h */ = {isa = PBXFileReference; fileEncoding = 4; lastKnownFileType = sourcecode.c.h; path = SBMembershipViewController.h; sourceTree = "<group>"; };
		E138349E17D340EC00CA4457 /* SBMembershipViewController.m */ = {isa = PBXFileReference; fileEncoding = 4; lastKnownFileType = sourcecode.c.objc; path = SBMembershipViewController.m; sourceTree = "<group>"; };
		E13834A017D3424700CA4457 /* SBLoginViewController.h */ = {isa = PBXFileReference; fileEncoding = 4; lastKnownFileType = sourcecode.c.h; path = SBLoginViewController.h; sourceTree = "<group>"; };
		E13834A117D3424700CA4457 /* SBLoginViewController.m */ = {isa = PBXFileReference; fileEncoding = 4; lastKnownFileType = sourcecode.c.objc; path = SBLoginViewController.m; sourceTree = "<group>"; };
		E13834A317D3436500CA4457 /* SBRegisterViewController.h */ = {isa = PBXFileReference; fileEncoding = 4; lastKnownFileType = sourcecode.c.h; path = SBRegisterViewController.h; sourceTree = "<group>"; };
		E13834A417D3436500CA4457 /* SBRegisterViewController.m */ = {isa = PBXFileReference; fileEncoding = 4; lastKnownFileType = sourcecode.c.objc; path = SBRegisterViewController.m; sourceTree = "<group>"; };
		E13834A617D345D200CA4457 /* SBMembershipCredentials.h */ = {isa = PBXFileReference; fileEncoding = 4; lastKnownFileType = sourcecode.c.h; path = SBMembershipCredentials.h; sourceTree = "<group>"; };
		E13834A717D345D300CA4457 /* SBMembershipCredentials.m */ = {isa = PBXFileReference; fileEncoding = 4; lastKnownFileType = sourcecode.c.objc; path = SBMembershipCredentials.m; sourceTree = "<group>"; };
		E13834A917D34AEB00CA4457 /* UIViewController+Addon.h */ = {isa = PBXFileReference; fileEncoding = 4; lastKnownFileType = sourcecode.c.h; path = "UIViewController+Addon.h"; sourceTree = "<group>"; };
		E13834AA17D34AEB00CA4457 /* UIViewController+Addon.m */ = {isa = PBXFileReference; fileEncoding = 4; lastKnownFileType = sourcecode.c.objc; path = "UIViewController+Addon.m"; sourceTree = "<group>"; };
		E13834AC17D35B7100CA4457 /* SBPersistenceCoordinator.h */ = {isa = PBXFileReference; fileEncoding = 4; lastKnownFileType = sourcecode.c.h; path = SBPersistenceCoordinator.h; sourceTree = "<group>"; };
		E13834AD17D35B7100CA4457 /* SBPersistenceCoordinator.m */ = {isa = PBXFileReference; fileEncoding = 4; lastKnownFileType = sourcecode.c.objc; path = SBPersistenceCoordinator.m; sourceTree = "<group>"; };
		E13834AF17D3613300CA4457 /* SBMember.h */ = {isa = PBXFileReference; fileEncoding = 4; lastKnownFileType = sourcecode.c.h; path = SBMember.h; sourceTree = "<group>"; };
		E13834B017D3613300CA4457 /* SBMember.m */ = {isa = PBXFileReference; fileEncoding = 4; lastKnownFileType = sourcecode.c.objc; path = SBMember.m; sourceTree = "<group>"; };
		E13834B217D3614300CA4457 /* SBMembAddress.h */ = {isa = PBXFileReference; fileEncoding = 4; lastKnownFileType = sourcecode.c.h; path = SBMembAddress.h; sourceTree = "<group>"; };
		E13834B317D3614400CA4457 /* SBMembAddress.m */ = {isa = PBXFileReference; fileEncoding = 4; lastKnownFileType = sourcecode.c.objc; path = SBMembAddress.m; sourceTree = "<group>"; };
		E13834B517D3650600CA4457 /* SBGetMemberInput.h */ = {isa = PBXFileReference; fileEncoding = 4; lastKnownFileType = sourcecode.c.h; path = SBGetMemberInput.h; sourceTree = "<group>"; };
		E13834B617D3650600CA4457 /* SBGetMemberInput.m */ = {isa = PBXFileReference; fileEncoding = 4; lastKnownFileType = sourcecode.c.objc; path = SBGetMemberInput.m; sourceTree = "<group>"; };
		E13834B817D3655A00CA4457 /* SBGetMemberOutput.h */ = {isa = PBXFileReference; fileEncoding = 4; lastKnownFileType = sourcecode.c.h; path = SBGetMemberOutput.h; sourceTree = "<group>"; };
		E13834B917D3655A00CA4457 /* SBGetMemberOutput.m */ = {isa = PBXFileReference; fileEncoding = 4; lastKnownFileType = sourcecode.c.objc; path = SBGetMemberOutput.m; sourceTree = "<group>"; };
		E13834BB17D3675D00CA4457 /* SBMemberViewController.h */ = {isa = PBXFileReference; fileEncoding = 4; lastKnownFileType = sourcecode.c.h; path = SBMemberViewController.h; sourceTree = "<group>"; };
		E13834BC17D3675D00CA4457 /* SBMemberViewController.m */ = {isa = PBXFileReference; fileEncoding = 4; lastKnownFileType = sourcecode.c.objc; path = SBMemberViewController.m; sourceTree = "<group>"; };
		E180C93C17D210F1001C2742 /* Super Buy.app */ = {isa = PBXFileReference; explicitFileType = wrapper.application; includeInIndex = 0; path = "Super Buy.app"; sourceTree = BUILT_PRODUCTS_DIR; };
		E180C93F17D210F1001C2742 /* UIKit.framework */ = {isa = PBXFileReference; lastKnownFileType = wrapper.framework; name = UIKit.framework; path = System/Library/Frameworks/UIKit.framework; sourceTree = SDKROOT; };
		E180C94117D210F1001C2742 /* Foundation.framework */ = {isa = PBXFileReference; lastKnownFileType = wrapper.framework; name = Foundation.framework; path = System/Library/Frameworks/Foundation.framework; sourceTree = SDKROOT; };
		E180C94317D210F1001C2742 /* CoreGraphics.framework */ = {isa = PBXFileReference; lastKnownFileType = wrapper.framework; name = CoreGraphics.framework; path = System/Library/Frameworks/CoreGraphics.framework; sourceTree = SDKROOT; };
		E180C94717D210F1001C2742 /* Super Buy-Info.plist */ = {isa = PBXFileReference; lastKnownFileType = text.plist.xml; path = "Super Buy-Info.plist"; sourceTree = "<group>"; };
		E180C94917D210F1001C2742 /* en */ = {isa = PBXFileReference; lastKnownFileType = text.plist.strings; name = en; path = en.lproj/InfoPlist.strings; sourceTree = "<group>"; };
		E180C94B17D210F1001C2742 /* main.m */ = {isa = PBXFileReference; lastKnownFileType = sourcecode.c.objc; path = main.m; sourceTree = "<group>"; };
		E180C94D17D210F1001C2742 /* Super Buy-Prefix.pch */ = {isa = PBXFileReference; lastKnownFileType = sourcecode.c.h; path = "Super Buy-Prefix.pch"; sourceTree = "<group>"; };
		E180C94E17D210F1001C2742 /* SBAppDelegate.h */ = {isa = PBXFileReference; lastKnownFileType = sourcecode.c.h; path = SBAppDelegate.h; sourceTree = "<group>"; };
		E180C94F17D210F1001C2742 /* SBAppDelegate.m */ = {isa = PBXFileReference; lastKnownFileType = sourcecode.c.objc; path = SBAppDelegate.m; sourceTree = "<group>"; };
		E180C95117D210F1001C2742 /* Default.png */ = {isa = PBXFileReference; lastKnownFileType = image.png; path = Default.png; sourceTree = "<group>"; };
		E180C95317D210F1001C2742 /* Default@2x.png */ = {isa = PBXFileReference; lastKnownFileType = image.png; path = "Default@2x.png"; sourceTree = "<group>"; };
		E180C95517D210F1001C2742 /* Default-568h@2x.png */ = {isa = PBXFileReference; lastKnownFileType = image.png; path = "Default-568h@2x.png"; sourceTree = "<group>"; };
		E180C95817D210F1001C2742 /* en */ = {isa = PBXFileReference; lastKnownFileType = file.storyboard; name = en; path = en.lproj/MainStoryboard.storyboard; sourceTree = "<group>"; };
		E180C96517D213BD001C2742 /* CFNetwork.framework */ = {isa = PBXFileReference; lastKnownFileType = wrapper.framework; name = CFNetwork.framework; path = System/Library/Frameworks/CFNetwork.framework; sourceTree = SDKROOT; };
		E180C96717D213CB001C2742 /* SystemConfiguration.framework */ = {isa = PBXFileReference; lastKnownFileType = wrapper.framework; name = SystemConfiguration.framework; path = System/Library/Frameworks/SystemConfiguration.framework; sourceTree = SDKROOT; };
		E180C96917D213D4001C2742 /* MobileCoreServices.framework */ = {isa = PBXFileReference; lastKnownFileType = wrapper.framework; name = MobileCoreServices.framework; path = System/Library/Frameworks/MobileCoreServices.framework; sourceTree = SDKROOT; };
		E180C96B17D213DD001C2742 /* CoreData.framework */ = {isa = PBXFileReference; lastKnownFileType = wrapper.framework; name = CoreData.framework; path = System/Library/Frameworks/CoreData.framework; sourceTree = SDKROOT; };
		E180C96D17D213E7001C2742 /* Security.framework */ = {isa = PBXFileReference; lastKnownFileType = wrapper.framework; name = Security.framework; path = System/Library/Frameworks/Security.framework; sourceTree = SDKROOT; };
		E180C96F17D213F2001C2742 /* libz.dylib */ = {isa = PBXFileReference; lastKnownFileType = "compiled.mach-o.dylib"; name = libz.dylib; path = usr/lib/libz.dylib; sourceTree = SDKROOT; };
		E180C99517D21550001C2742 /* worklight.plist */ = {isa = PBXFileReference; fileEncoding = 4; lastKnownFileType = text.plist.xml; path = worklight.plist; sourceTree = "<group>"; };
		E180C9AA17D21B19001C2742 /* sqlcipher.framework */ = {isa = PBXFileReference; lastKnownFileType = wrapper.framework; name = sqlcipher.framework; path = "Super Buy/WorklightAPI/Frameworks/sqlcipher.framework"; sourceTree = "<group>"; };
		E180C9AC17D21B87001C2742 /* libWorklightStaticLibProjectNative.a */ = {isa = PBXFileReference; lastKnownFileType = archive.ar; name = libWorklightStaticLibProjectNative.a; path = "Super Buy/WorklightAPI/libWorklightStaticLibProjectNative.a"; sourceTree = "<group>"; };
		E180C9BA17D21F0B001C2742 /* SuperBuy.xcdatamodel */ = {isa = PBXFileReference; lastKnownFileType = wrapper.xcdatamodel; path = SuperBuy.xcdatamodel; sourceTree = "<group>"; };
		E180C9BC17D2314B001C2742 /* SBModelObject.h */ = {isa = PBXFileReference; fileEncoding = 4; lastKnownFileType = sourcecode.c.h; path = SBModelObject.h; sourceTree = "<group>"; };
		E180C9BD17D2314B001C2742 /* SBModelObject.m */ = {isa = PBXFileReference; fileEncoding = 4; lastKnownFileType = sourcecode.c.objc; path = SBModelObject.m; sourceTree = "<group>"; };
		E180C9BF17D23CDE001C2742 /* SBMshTier.h */ = {isa = PBXFileReference; fileEncoding = 4; lastKnownFileType = sourcecode.c.h; path = SBMshTier.h; sourceTree = "<group>"; };
		E180C9C017D23CDE001C2742 /* SBMshTier.m */ = {isa = PBXFileReference; fileEncoding = 4; lastKnownFileType = sourcecode.c.objc; path = SBMshTier.m; sourceTree = "<group>"; };
		E180C9C217D23D0D001C2742 /* SBMshPointAccount.h */ = {isa = PBXFileReference; fileEncoding = 4; lastKnownFileType = sourcecode.c.h; path = SBMshPointAccount.h; sourceTree = "<group>"; };
		E180C9C317D23D0D001C2742 /* SBMshPointAccount.m */ = {isa = PBXFileReference; fileEncoding = 4; lastKnownFileType = sourcecode.c.objc; path = SBMshPointAccount.m; sourceTree = "<group>"; };
		E180C9C517D23D1F001C2742 /* SBMembership.h */ = {isa = PBXFileReference; fileEncoding = 4; lastKnownFileType = sourcecode.c.h; path = SBMembership.h; sourceTree = "<group>"; };
		E180C9C617D23D1F001C2742 /* SBMembership.m */ = {isa = PBXFileReference; fileEncoding = 4; lastKnownFileType = sourcecode.c.objc; path = SBMembership.m; sourceTree = "<group>"; };
		E180C9C817D24860001C2742 /* SBWebAPI.h */ = {isa = PBXFileReference; fileEncoding = 4; lastKnownFileType = sourcecode.c.h; path = SBWebAPI.h; sourceTree = "<group>"; };
		E180C9C917D24860001C2742 /* SBWebAPI.m */ = {isa = PBXFileReference; fileEncoding = 4; lastKnownFileType = sourcecode.c.objc; path = SBWebAPI.m; sourceTree = "<group>"; };
		E180C9CB17D249DE001C2742 /* SBMessageArray.h */ = {isa = PBXFileReference; fileEncoding = 4; lastKnownFileType = sourcecode.c.h; path = SBMessageArray.h; sourceTree = "<group>"; };
		E180C9CC17D249DE001C2742 /* SBMessageArray.m */ = {isa = PBXFileReference; fileEncoding = 4; lastKnownFileType = sourcecode.c.objc; path = SBMessageArray.m; sourceTree = "<group>"; };
/* End PBXFileReference section */

/* Begin PBXFrameworksBuildPhase section */
		E180C93917D210F1001C2742 /* Frameworks */ = {
			isa = PBXFrameworksBuildPhase;
			buildActionMask = 2147483647;
			files = (
				E180C9AD17D21B87001C2742 /* libWorklightStaticLibProjectNative.a in Frameworks */,
				E180C9AB17D21B19001C2742 /* sqlcipher.framework in Frameworks */,
				E180C97017D213F2001C2742 /* libz.dylib in Frameworks */,
				E180C96E17D213E7001C2742 /* Security.framework in Frameworks */,
				E180C96C17D213DD001C2742 /* CoreData.framework in Frameworks */,
				E180C96A17D213D4001C2742 /* MobileCoreServices.framework in Frameworks */,
				E180C96817D213CB001C2742 /* SystemConfiguration.framework in Frameworks */,
				E180C96617D213BD001C2742 /* CFNetwork.framework in Frameworks */,
				E180C94017D210F1001C2742 /* UIKit.framework in Frameworks */,
				E180C94217D210F1001C2742 /* Foundation.framework in Frameworks */,
				E180C94417D210F1001C2742 /* CoreGraphics.framework in Frameworks */,
			);
			runOnlyForDeploymentPostprocessing = 0;
		};
/* End PBXFrameworksBuildPhase section */

/* Begin PBXGroup section */
		E138349617D3187A00CA4457 /* Web Layer */ = {
			isa = PBXGroup;
			children = (
				E180C9C817D24860001C2742 /* SBWebAPI.h */,
				E180C9C917D24860001C2742 /* SBWebAPI.m */,
				E138349717D332CF00CA4457 /* SBValidateMembershipInput.h */,
				E138349817D332CF00CA4457 /* SBValidateMembershipInput.m */,
				E138349A17D3331A00CA4457 /* SBValidateMembershipOutput.h */,
				E138349B17D3331A00CA4457 /* SBValidateMembershipOutput.m */,
				E138349017D3182F00CA4457 /* SBGetMembershipInput.h */,
				E138349117D3182F00CA4457 /* SBGetMembershipInput.m */,
				E138349317D3187000CA4457 /* SBGetMembershipOutput.h */,
				E138349417D3187000CA4457 /* SBGetMembershipOutput.m */,
				E13834B517D3650600CA4457 /* SBGetMemberInput.h */,
				E13834B617D3650600CA4457 /* SBGetMemberInput.m */,
				E13834B817D3655A00CA4457 /* SBGetMemberOutput.h */,
				E13834B917D3655A00CA4457 /* SBGetMemberOutput.m */,
			);
			name = "Web Layer";
			sourceTree = "<group>";
		};
		E180C93317D210F1001C2742 = {
			isa = PBXGroup;
			children = (
				E180C94517D210F1001C2742 /* Super Buy */,
				E180C93E17D210F1001C2742 /* Frameworks */,
				E180C93D17D210F1001C2742 /* Products */,
			);
			sourceTree = "<group>";
		};
		E180C93D17D210F1001C2742 /* Products */ = {
			isa = PBXGroup;
			children = (
				E180C93C17D210F1001C2742 /* Super Buy.app */,
			);
			name = Products;
			sourceTree = "<group>";
		};
		E180C93E17D210F1001C2742 /* Frameworks */ = {
			isa = PBXGroup;
			children = (
				E180C93F17D210F1001C2742 /* UIKit.framework */,
				E180C94117D210F1001C2742 /* Foundation.framework */,
				E180C94317D210F1001C2742 /* CoreGraphics.framework */,
				E180C96517D213BD001C2742 /* CFNetwork.framework */,
				E180C96717D213CB001C2742 /* SystemConfiguration.framework */,
				E180C96917D213D4001C2742 /* MobileCoreServices.framework */,
				E180C96B17D213DD001C2742 /* CoreData.framework */,
				E180C96D17D213E7001C2742 /* Security.framework */,
				E180C96F17D213F2001C2742 /* libz.dylib */,
				E180C9AA17D21B19001C2742 /* sqlcipher.framework */,
				E180C9AC17D21B87001C2742 /* libWorklightStaticLibProjectNative.a */,
			);
			name = Frameworks;
			sourceTree = "<group>";
		};
		E180C94517D210F1001C2742 /* Super Buy */ = {
			isa = PBXGroup;
			children = (
				E180C96417D21119001C2742 /* Model */,
				E138349617D3187A00CA4457 /* Web Layer */,
				E180C96317D21112001C2742 /* View */,
				E180C96217D21109001C2742 /* Controller */,
				E180C94617D210F1001C2742 /* Supporting Files */,
			);
			path = "Super Buy";
			sourceTree = "<group>";
		};
		E180C94617D210F1001C2742 /* Supporting Files */ = {
			isa = PBXGroup;
			children = (
				E180C94717D210F1001C2742 /* Super Buy-Info.plist */,
				E180C94817D210F1001C2742 /* InfoPlist.strings */,
				E180C94B17D210F1001C2742 /* main.m */,
				E180C94D17D210F1001C2742 /* Super Buy-Prefix.pch */,
				E180C95117D210F1001C2742 /* Default.png */,
				E180C95317D210F1001C2742 /* Default@2x.png */,
				E180C95517D210F1001C2742 /* Default-568h@2x.png */,
				E180C99517D21550001C2742 /* worklight.plist */,
			);
			name = "Supporting Files";
			sourceTree = "<group>";
		};
		E180C96217D21109001C2742 /* Controller */ = {
			isa = PBXGroup;
			children = (
				E180C94E17D210F1001C2742 /* SBAppDelegate.h */,
				E180C94F17D210F1001C2742 /* SBAppDelegate.m */,
				E13834A917D34AEB00CA4457 /* UIViewController+Addon.h */,
				E13834AA17D34AEB00CA4457 /* UIViewController+Addon.m */,
				E138349D17D340EC00CA4457 /* SBMembershipViewController.h */,
				E138349E17D340EC00CA4457 /* SBMembershipViewController.m */,
				E13834A017D3424700CA4457 /* SBLoginViewController.h */,
				E13834A117D3424700CA4457 /* SBLoginViewController.m */,
				E13834A317D3436500CA4457 /* SBRegisterViewController.h */,
				E13834A417D3436500CA4457 /* SBRegisterViewController.m */,
				E13834BB17D3675D00CA4457 /* SBMemberViewController.h */,
				E13834BC17D3675D00CA4457 /* SBMemberViewController.m */,
			);
			name = Controller;
			sourceTree = "<group>";
		};
		E180C96317D21112001C2742 /* View */ = {
			isa = PBXGroup;
			children = (
				E180C95717D210F1001C2742 /* MainStoryboard.storyboard */,
			);
			name = View;
			sourceTree = "<group>";
		};
		E180C96417D21119001C2742 /* Model */ = {
			isa = PBXGroup;
			children = (
				E180C9B917D21F0B001C2742 /* SuperBuy.xcdatamodeld */,
				E180C9BC17D2314B001C2742 /* SBModelObject.h */,
				E180C9BD17D2314B001C2742 /* SBModelObject.m */,
				E13834A617D345D200CA4457 /* SBMembershipCredentials.h */,
				E13834A717D345D300CA4457 /* SBMembershipCredentials.m */,
				E180C9C517D23D1F001C2742 /* SBMembership.h */,
				E180C9C617D23D1F001C2742 /* SBMembership.m */,
				E180C9BF17D23CDE001C2742 /* SBMshTier.h */,
				E180C9C017D23CDE001C2742 /* SBMshTier.m */,
				E180C9C217D23D0D001C2742 /* SBMshPointAccount.h */,
				E180C9C317D23D0D001C2742 /* SBMshPointAccount.m */,
				E13834AF17D3613300CA4457 /* SBMember.h */,
				E13834B017D3613300CA4457 /* SBMember.m */,
				E13834B217D3614300CA4457 /* SBMembAddress.h */,
				E13834B317D3614400CA4457 /* SBMembAddress.m */,
				E180C9CB17D249DE001C2742 /* SBMessageArray.h */,
				E180C9CC17D249DE001C2742 /* SBMessageArray.m */,
				E13834AC17D35B7100CA4457 /* SBPersistenceCoordinator.h */,
				E13834AD17D35B7100CA4457 /* SBPersistenceCoordinator.m */,
			);
			name = Model;
			sourceTree = "<group>";
		};
/* End PBXGroup section */

/* Begin PBXNativeTarget section */
		E180C93B17D210F1001C2742 /* Super Buy */ = {
			isa = PBXNativeTarget;
			buildConfigurationList = E180C95F17D210F1001C2742 /* Build configuration list for PBXNativeTarget "Super Buy" */;
			buildPhases = (
				E180C93817D210F1001C2742 /* Sources */,
				E180C93917D210F1001C2742 /* Frameworks */,
				E180C93A17D210F1001C2742 /* Resources */,
			);
			buildRules = (
			);
			dependencies = (
			);
			name = "Super Buy";
			productName = "Super Buy";
			productReference = E180C93C17D210F1001C2742 /* Super Buy.app */;
			productType = "com.apple.product-type.application";
		};
/* End PBXNativeTarget section */

/* Begin PBXProject section */
		E180C93417D210F1001C2742 /* Project object */ = {
			isa = PBXProject;
			attributes = {
				CLASSPREFIX = SB;
				LastUpgradeCheck = 0460;
				ORGANIZATIONNAME = "Robert Witt";
			};
			buildConfigurationList = E180C93717D210F1001C2742 /* Build configuration list for PBXProject "Super Buy" */;
			compatibilityVersion = "Xcode 3.2";
			developmentRegion = English;
			hasScannedForEncodings = 0;
			knownRegions = (
				en,
			);
			mainGroup = E180C93317D210F1001C2742;
			productRefGroup = E180C93D17D210F1001C2742 /* Products */;
			projectDirPath = "";
			projectRoot = "";
			targets = (
				E180C93B17D210F1001C2742 /* Super Buy */,
			);
		};
/* End PBXProject section */

/* Begin PBXResourcesBuildPhase section */
		E180C93A17D210F1001C2742 /* Resources */ = {
			isa = PBXResourcesBuildPhase;
			buildActionMask = 2147483647;
			files = (
				E180C94A17D210F1001C2742 /* InfoPlist.strings in Resources */,
				E180C95217D210F1001C2742 /* Default.png in Resources */,
				E180C95417D210F1001C2742 /* Default@2x.png in Resources */,
				E180C95617D210F1001C2742 /* Default-568h@2x.png in Resources */,
				E180C95917D210F1001C2742 /* MainStoryboard.storyboard in Resources */,
				E180C99617D21550001C2742 /* worklight.plist in Resources */,
			);
			runOnlyForDeploymentPostprocessing = 0;
		};
/* End PBXResourcesBuildPhase section */

/* Begin PBXSourcesBuildPhase section */
		E180C93817D210F1001C2742 /* Sources */ = {
			isa = PBXSourcesBuildPhase;
			buildActionMask = 2147483647;
			files = (
				E180C94C17D210F1001C2742 /* main.m in Sources */,
				E180C95017D210F1001C2742 /* SBAppDelegate.m in Sources */,
				E180C9BB17D21F0B001C2742 /* SuperBuy.xcdatamodeld in Sources */,
				E180C9BE17D2314B001C2742 /* SBModelObject.m in Sources */,
				E180C9C117D23CDE001C2742 /* SBMshTier.m in Sources */,
				E180C9C417D23D0D001C2742 /* SBMshPointAccount.m in Sources */,
				E180C9C717D23D20001C2742 /* SBMembership.m in Sources */,
				E180C9CA17D24860001C2742 /* SBWebAPI.m in Sources */,
				E180C9CD17D249DE001C2742 /* SBMessageArray.m in Sources */,
				E138349217D3182F00CA4457 /* SBGetMembershipInput.m in Sources */,
				E138349517D3187000CA4457 /* SBGetMembershipOutput.m in Sources */,
				E138349917D332CF00CA4457 /* SBValidateMembershipInput.m in Sources */,
				E138349C17D3331A00CA4457 /* SBValidateMembershipOutput.m in Sources */,
				E138349F17D340EC00CA4457 /* SBMembershipViewController.m in Sources */,
				E13834A217D3424700CA4457 /* SBLoginViewController.m in Sources */,
				E13834A517D3436500CA4457 /* SBRegisterViewController.m in Sources */,
				E13834A817D345D300CA4457 /* SBMembershipCredentials.m in Sources */,
				E13834AB17D34AEB00CA4457 /* UIViewController+Addon.m in Sources */,
				E13834AE17D35B7100CA4457 /* SBPersistenceCoordinator.m in Sources */,
				E13834B117D3613300CA4457 /* SBMember.m in Sources */,
				E13834B417D3614400CA4457 /* SBMembAddress.m in Sources */,
				E13834B717D3650600CA4457 /* SBGetMemberInput.m in Sources */,
				E13834BA17D3655A00CA4457 /* SBGetMemberOutput.m in Sources */,
				E13834BD17D3675D00CA4457 /* SBMemberViewController.m in Sources */,
			);
			runOnlyForDeploymentPostprocessing = 0;
		};
/* End PBXSourcesBuildPhase section */

/* Begin PBXVariantGroup section */
		E180C94817D210F1001C2742 /* InfoPlist.strings */ = {
			isa = PBXVariantGroup;
			children = (
				E180C94917D210F1001C2742 /* en */,
			);
			name = InfoPlist.strings;
			sourceTree = "<group>";
		};
		E180C95717D210F1001C2742 /* MainStoryboard.storyboard */ = {
			isa = PBXVariantGroup;
			children = (
				E180C95817D210F1001C2742 /* en */,
			);
			name = MainStoryboard.storyboard;
			sourceTree = "<group>";
		};
/* End PBXVariantGroup section */

/* Begin XCBuildConfiguration section */
		E180C95D17D210F1001C2742 /* Debug */ = {
			isa = XCBuildConfiguration;
			buildSettings = {
				ALWAYS_SEARCH_USER_PATHS = NO;
				CLANG_CXX_LANGUAGE_STANDARD = "gnu++0x";
				CLANG_CXX_LIBRARY = "libc++";
				CLANG_ENABLE_OBJC_ARC = YES;
				CLANG_WARN_CONSTANT_CONVERSION = YES;
				CLANG_WARN_EMPTY_BODY = YES;
				CLANG_WARN_ENUM_CONVERSION = YES;
				CLANG_WARN_INT_CONVERSION = YES;
				CLANG_WARN__DUPLICATE_METHOD_MATCH = YES;
				"CODE_SIGN_IDENTITY[sdk=iphoneos*]" = "iPhone Developer";
				COPY_PHASE_STRIP = NO;
				GCC_C_LANGUAGE_STANDARD = gnu99;
				GCC_DYNAMIC_NO_PIC = NO;
				GCC_OPTIMIZATION_LEVEL = 0;
				GCC_PREPROCESSOR_DEFINITIONS = (
					"DEBUG=1",
					"$(inherited)",
				);
				GCC_SYMBOLS_PRIVATE_EXTERN = NO;
				GCC_WARN_ABOUT_RETURN_TYPE = YES;
				GCC_WARN_UNINITIALIZED_AUTOS = YES;
				GCC_WARN_UNUSED_VARIABLE = YES;
				IPHONEOS_DEPLOYMENT_TARGET = 6.1;
				ONLY_ACTIVE_ARCH = YES;
				SDKROOT = iphoneos;
			};
			name = Debug;
		};
		E180C95E17D210F1001C2742 /* Release */ = {
			isa = XCBuildConfiguration;
			buildSettings = {
				ALWAYS_SEARCH_USER_PATHS = NO;
				CLANG_CXX_LANGUAGE_STANDARD = "gnu++0x";
				CLANG_CXX_LIBRARY = "libc++";
				CLANG_ENABLE_OBJC_ARC = YES;
				CLANG_WARN_CONSTANT_CONVERSION = YES;
				CLANG_WARN_EMPTY_BODY = YES;
				CLANG_WARN_ENUM_CONVERSION = YES;
				CLANG_WARN_INT_CONVERSION = YES;
				CLANG_WARN__DUPLICATE_METHOD_MATCH = YES;
				"CODE_SIGN_IDENTITY[sdk=iphoneos*]" = "iPhone Developer";
				COPY_PHASE_STRIP = YES;
				GCC_C_LANGUAGE_STANDARD = gnu99;
				GCC_WARN_ABOUT_RETURN_TYPE = YES;
				GCC_WARN_UNINITIALIZED_AUTOS = YES;
				GCC_WARN_UNUSED_VARIABLE = YES;
				IPHONEOS_DEPLOYMENT_TARGET = 6.1;
				OTHER_CFLAGS = "-DNS_BLOCK_ASSERTIONS=1";
				SDKROOT = iphoneos;
				VALIDATE_PRODUCT = YES;
			};
			name = Release;
		};
		E180C96017D210F1001C2742 /* Debug */ = {
			isa = XCBuildConfiguration;
			buildSettings = {
				FRAMEWORK_SEARCH_PATHS = (
					"$(inherited)",
					"\"$(SRCROOT)/Super Buy/WorklightAPI/Frameworks\"",
				);
				GCC_PRECOMPILE_PREFIX_HEADER = YES;
				GCC_PREFIX_HEADER = "Super Buy/Super Buy-Prefix.pch";
				INFOPLIST_FILE = "Super Buy/Super Buy-Info.plist";
				IPHONEOS_DEPLOYMENT_TARGET = 6.1;
				LIBRARY_SEARCH_PATHS = (
					"$(inherited)",
					"\"$(SRCROOT)/Super Buy/WorklightAPI\"",
				);
				PRODUCT_NAME = "$(TARGET_NAME)";
				WRAPPER_EXTENSION = app;
			};
			name = Debug;
		};
		E180C96117D210F1001C2742 /* Release */ = {
			isa = XCBuildConfiguration;
			buildSettings = {
				FRAMEWORK_SEARCH_PATHS = (
					"$(inherited)",
					"\"$(SRCROOT)/Super Buy/WorklightAPI/Frameworks\"",
				);
				GCC_PRECOMPILE_PREFIX_HEADER = YES;
				GCC_PREFIX_HEADER = "Super Buy/Super Buy-Prefix.pch";
				INFOPLIST_FILE = "Super Buy/Super Buy-Info.plist";
				IPHONEOS_DEPLOYMENT_TARGET = 6.1;
				LIBRARY_SEARCH_PATHS = (
					"$(inherited)",
					"\"$(SRCROOT)/Super Buy/WorklightAPI\"",
				);
				PRODUCT_NAME = "$(TARGET_NAME)";
				WRAPPER_EXTENSION = app;
			};
			name = Release;
		};
/* End XCBuildConfiguration section */

/* Begin XCConfigurationList section */
		E180C93717D210F1001C2742 /* Build configuration list for PBXProject "Super Buy" */ = {
			isa = XCConfigurationList;
			buildConfigurations = (
				E180C95D17D210F1001C2742 /* Debug */,
				E180C95E17D210F1001C2742 /* Release */,
			);
			defaultConfigurationIsVisible = 0;
			defaultConfigurationName = Release;
		};
		E180C95F17D210F1001C2742 /* Build configuration list for PBXNativeTarget "Super Buy" */ = {
			isa = XCConfigurationList;
			buildConfigurations = (
				E180C96017D210F1001C2742 /* Debug */,
				E180C96117D210F1001C2742 /* Release */,
			);
			defaultConfigurationIsVisible = 0;
			defaultConfigurationName = Release;
		};
/* End XCConfigurationList section */

/* Begin XCVersionGroup section */
		E180C9B917D21F0B001C2742 /* SuperBuy.xcdatamodeld */ = {
			isa = XCVersionGroup;
			children = (
				E180C9BA17D21F0B001C2742 /* SuperBuy.xcdatamodel */,
			);
			currentVersion = E180C9BA17D21F0B001C2742 /* SuperBuy.xcdatamodel */;
			path = SuperBuy.xcdatamodeld;
			sourceTree = "<group>";
			versionGroupType = wrapper.xcdatamodel;
		};
/* End XCVersionGroup section */
	};
	rootObject = E180C93417D210F1001C2742 /* Project object */;
}
